
Microsoft Visual Studio Solution File, Format Version 12.00
# Visual Studio Version 16
VisualStudioVersion = 16.0.32802.440
MinimumVisualStudioVersion = 10.0.40219.1
Project("{9A19103F-16F7-4668-BE54-9A1E7A4F7556}") = "BankAcc", "BankAcc\BankAcc.csproj", "{AC82AB86-FC77-48A2-89FC-E3D63CE4373E}"
EndProject
Project("{9A19103F-16F7-4668-BE54-9A1E7A4F7556}") = "SignUp", "..\SignUp\SignUp\SignUp.csproj", "{5F2898C7-C27E-4E3C-920E-49CBFBF11116}"
EndProject
Global
	GlobalSection(SolutionConfigurationPlatforms) = preSolution
		Debug|Any CPU = Debug|Any CPU
		Release|Any CPU = Release|Any CPU
	EndGlobalSection
	GlobalSection(ProjectConfigurationPlatforms) = postSolution
		{AC82AB86-FC77-48A2-89FC-E3D63CE4373E}.Debug|Any CPU.ActiveCfg = Debug|Any CPU
		{AC82AB86-FC77-48A2-89FC-E3D63CE4373E}.Debug|Any CPU.Build.0 = Debug|Any CPU
		{AC82AB86-FC77-48A2-89FC-E3D63CE4373E}.Release|Any CPU.ActiveCfg = Release|Any CPU
		{AC82AB86-FC77-48A2-89FC-E3D63CE4373E}.Release|Any CPU.Build.0 = Release|Any CPU
		{5F2898C7-C27E-4E3C-920E-49CBFBF11116}.Debug|Any CPU.ActiveCfg = Debug|Any CPU
		{5F2898C7-C27E-4E3C-920E-49CBFBF11116}.Debug|Any CPU.Build.0 = Debug|Any CPU
		{5F2898C7-C27E-4E3C-920E-49CBFBF11116}.Release|Any CPU.ActiveCfg = Release|Any CPU
		{5F2898C7-C27E-4E3C-920E-49CBFBF11116}.Release|Any CPU.Build.0 = Release|Any CPU
	EndGlobalSection
	GlobalSection(SolutionProperties) = preSolution
		HideSolutionNode = FALSE
	EndGlobalSection
	GlobalSection(ExtensibilityGlobals) = postSolution
		SolutionGuid = {1A0C82D8-3E16-4F66-8D54-6ED255088ED3}
	EndGlobalSection
EndGlobal
